PODS:
  - SideNavigation (1.1.3)
  - SnapKit (4.0.0)

DEPENDENCIES:
  - SideNavigation (= 1.1.3)
  - SnapKit

SPEC CHECKSUMS:
  SideNavigation: b9a36b7a8c2d2a1a24b99d6786cd519267dff272
  SnapKit: a42d492c16e80209130a3379f73596c3454b7694

PODFILE CHECKSUM: 52cb1464c53e8b3bb1f09dd39d87c303aefc8c73

COCOAPODS: 1.3.1
