PODS:
  - SlideMenu (0.1.0)
  - SnapKit (3.2.0)

DEPENDENCIES:
  - SlideMenu (from `../`)
  - SnapKit

EXTERNAL SOURCES:
  SlideMenu:
    :path: "../"

SPEC CHECKSUMS:
  SlideMenu: bf15ff106098c972ce4ff9629f04d826881ba47a
  SnapKit: 1ca44df72cfa543218d177cb8aab029d10d86ea7

PODFILE CHECKSUM: b3f731c41bcc79a32d0b669924983d3564c29dff

COCOAPODS: 1.2.1
